
Microsoft Visual Studio Solution File, Format Version 12.00
# Visual Studio 15
VisualStudioVersion = 15.0.28307.1169
MinimumVisualStudioVersion = 10.0.40219.1
Project("{FAE04EC0-301F-11D3-BF4B-00C04F79EFBC}") = "Snapchat Monitor", "Snapchat Monitor\Snapchat Monitor.csproj", "{193B0AF2-9305-4C9B-B415-95CE69B19F91}"
EndProject
Global
	GlobalSection(SolutionConfigurationPlatforms) = preSolution
		Debug|Any CPU = Debug|Any CPU
		Release|Any CPU = Release|Any CPU
	EndGlobalSection
	GlobalSection(ProjectConfigurationPlatforms) = postSolution
		{193B0AF2-9305-4C9B-B415-95CE69B19F91}.Debug|Any CPU.ActiveCfg = Debug|Any CPU
		{193B0AF2-9305-4C9B-B415-95CE69B19F91}.Debug|Any CPU.Build.0 = Debug|Any CPU
		{193B0AF2-9305-4C9B-B415-95CE69B19F91}.Release|Any CPU.ActiveCfg = Release|Any CPU
		{193B0AF2-9305-4C9B-B415-95CE69B19F91}.Release|Any CPU.Build.0 = Release|Any CPU
	EndGlobalSection
	GlobalSection(SolutionProperties) = preSolution
		HideSolutionNode = FALSE
	EndGlobalSection
	GlobalSection(ExtensibilityGlobals) = postSolution
		SolutionGuid = {1E8C855B-589E-4BB0-A4DB-C3EA510FFA89}
	EndGlobalSection
EndGlobal
